{
  "name": "ghc-website",
  "lockfileVersion": 3,
  "requires": true,
  "packages": {
    "": {
      "dependencies": {
        "@fontsource-variable/kumbh-sans": "^5.0.14"
      }
    },
    "node_modules/@fontsource-variable/kumbh-sans": {
      "version": "5.0.14",
      "resolved": "https://registry.npmjs.org/@fontsource-variable/kumbh-sans/-/kumbh-sans-5.0.14.tgz",
      "integrity": "sha512-VFF+Cl3F3hM9btGsrCN0QAURFqODlVS1/BJ84pwUAwg1Z6p6aUefziYX+G2TRMofsow4z+Grgv2CjlP9C/4SqA=="
    }
  }
}
