# THIS IS AN AUTOGENERATED FILE. DO NOT EDIT THIS FILE DIRECTLY.
# yarn lockfile v1


"@fontsource-variable/kumbh-sans@^5.0.14":
  version "5.0.14"
  resolved "https://registry.yarnpkg.com/@fontsource-variable/kumbh-sans/-/kumbh-sans-5.0.14.tgz#0ee185573af8fd652675af60359469b95e6488d1"
  integrity sha512-VFF+Cl3F3hM9btGsrCN0QAURFqODlVS1/BJ84pwUAwg1Z6p6aUefziYX+G2TRMofsow4z+Grgv2CjlP9C/4SqA==
